
Microsoft Visual Studio Solution File, Format Version 12.00
# Visual Studio Version 17
VisualStudioVersion = 17.0.31903.59
MinimumVisualStudioVersion = 10.0.40219.1
Project("{FAE04EC0-301F-11D3-BF4B-00C04F79EFBC}") = "OneWeek.ControlFlow", "OneWeek.ControlFlow\OneWeek.ControlFlow.csproj", "{407A8441-2D0C-4145-BFB0-93F1D5D28CD5}"
EndProject
Project("{FAE04EC0-301F-11D3-BF4B-00C04F79EFBC}") = "OneWeek.ClassAndObject", "OneWeek.ClassAndObject\OneWeek.ClassAndObject.csproj", "{94521F19-2888-4AEA-99C8-77DE615002C9}"
EndProject
Project("{FAE04EC0-301F-11D3-BF4B-00C04F79EFBC}") = "ThreeWeek.Advanced", "ThreeWeek.Advanced\ThreeWeek.Advanced.csproj", "{05DE4FDD-B9E5-4661-8229-61C8817F0758}"
EndProject
Global
	GlobalSection(SolutionConfigurationPlatforms) = preSolution
		Debug|Any CPU = Debug|Any CPU
		Release|Any CPU = Release|Any CPU
	EndGlobalSection
	GlobalSection(SolutionProperties) = preSolution
		HideSolutionNode = FALSE
	EndGlobalSection
	GlobalSection(ProjectConfigurationPlatforms) = postSolution
		{407A8441-2D0C-4145-BFB0-93F1D5D28CD5}.Debug|Any CPU.ActiveCfg = Debug|Any CPU
		{407A8441-2D0C-4145-BFB0-93F1D5D28CD5}.Debug|Any CPU.Build.0 = Debug|Any CPU
		{407A8441-2D0C-4145-BFB0-93F1D5D28CD5}.Release|Any CPU.ActiveCfg = Release|Any CPU
		{407A8441-2D0C-4145-BFB0-93F1D5D28CD5}.Release|Any CPU.Build.0 = Release|Any CPU
		{94521F19-2888-4AEA-99C8-77DE615002C9}.Debug|Any CPU.ActiveCfg = Debug|Any CPU
		{94521F19-2888-4AEA-99C8-77DE615002C9}.Debug|Any CPU.Build.0 = Debug|Any CPU
		{94521F19-2888-4AEA-99C8-77DE615002C9}.Release|Any CPU.ActiveCfg = Release|Any CPU
		{94521F19-2888-4AEA-99C8-77DE615002C9}.Release|Any CPU.Build.0 = Release|Any CPU
		{05DE4FDD-B9E5-4661-8229-61C8817F0758}.Debug|Any CPU.ActiveCfg = Debug|Any CPU
		{05DE4FDD-B9E5-4661-8229-61C8817F0758}.Debug|Any CPU.Build.0 = Debug|Any CPU
		{05DE4FDD-B9E5-4661-8229-61C8817F0758}.Release|Any CPU.ActiveCfg = Release|Any CPU
		{05DE4FDD-B9E5-4661-8229-61C8817F0758}.Release|Any CPU.Build.0 = Release|Any CPU
	EndGlobalSection
EndGlobal
