
Microsoft Visual Studio Solution File, Format Version 12.00
# Visual Studio Version 17
VisualStudioVersion = 17.0.31903.59
MinimumVisualStudioVersion = 10.0.40219.1
Project("{FAE04EC0-301F-11D3-BF4B-00C04F79EFBC}") = "OneWeek.ControlFlow", "OneWeek.ControlFlow\OneWeek.ControlFlow.csproj", "{407A8441-2D0C-4145-BFB0-93F1D5D28CD5}"
EndProject
Project("{FAE04EC0-301F-11D3-BF4B-00C04F79EFBC}") = "OneWeek.ClassAndObject", "OneWeek.ClassAndObject\OneWeek.ClassAndObject.csproj", "{94521F19-2888-4AEA-99C8-77DE615002C9}"
EndProject
Project("{FAE04EC0-301F-11D3-BF4B-00C04F79EFBC}") = "ThreeWeek.Advanced", "ThreeWeek.Advanced\ThreeWeek.Advanced.csproj", "{05DE4FDD-B9E5-4661-8229-61C8817F0758}"
EndProject
Project("{FAE04EC0-301F-11D3-BF4B-00C04F79EFBC}") = "ForthWeek.Collections", "ForthWeek.Collections\ForthWeek.Collections.csproj", "{478F19C1-BF7A-48B5-BF56-F6B8C8D2DE62}"
EndProject
Project("{FAE04EC0-301F-11D3-BF4B-00C04F79EFBC}") = "FifeWeek.Asynchrouns", "FifeWeek.Asynchrouns\FifeWeek.Asynchrouns.csproj", "{E60B8029-F344-4B72-ABCF-7E5B6E04275C}"
EndProject
Project("{FAE04EC0-301F-11D3-BF4B-00C04F79EFBC}") = "SixWeek.AnvancedTopics", "SixWeek.AnvancedTopics\SixWeek.AnvancedTopics.csproj", "{7C71A03F-0333-498D-AB3D-A4D62F92D072}"
EndProject
Project("{FAE04EC0-301F-11D3-BF4B-00C04F79EFBC}") = "Seventh.Week", "Seventh.Week\Seventh.Week.csproj", "{D66AFAA4-EED3-4A85-8F5A-B27372FA67A4}"
EndProject
Global
	GlobalSection(SolutionConfigurationPlatforms) = preSolution
		Debug|Any CPU = Debug|Any CPU
		Release|Any CPU = Release|Any CPU
	EndGlobalSection
	GlobalSection(SolutionProperties) = preSolution
		HideSolutionNode = FALSE
	EndGlobalSection
	GlobalSection(ProjectConfigurationPlatforms) = postSolution
		{407A8441-2D0C-4145-BFB0-93F1D5D28CD5}.Debug|Any CPU.ActiveCfg = Debug|Any CPU
		{407A8441-2D0C-4145-BFB0-93F1D5D28CD5}.Debug|Any CPU.Build.0 = Debug|Any CPU
		{407A8441-2D0C-4145-BFB0-93F1D5D28CD5}.Release|Any CPU.ActiveCfg = Release|Any CPU
		{407A8441-2D0C-4145-BFB0-93F1D5D28CD5}.Release|Any CPU.Build.0 = Release|Any CPU
		{94521F19-2888-4AEA-99C8-77DE615002C9}.Debug|Any CPU.ActiveCfg = Debug|Any CPU
		{94521F19-2888-4AEA-99C8-77DE615002C9}.Debug|Any CPU.Build.0 = Debug|Any CPU
		{94521F19-2888-4AEA-99C8-77DE615002C9}.Release|Any CPU.ActiveCfg = Release|Any CPU
		{94521F19-2888-4AEA-99C8-77DE615002C9}.Release|Any CPU.Build.0 = Release|Any CPU
		{05DE4FDD-B9E5-4661-8229-61C8817F0758}.Debug|Any CPU.ActiveCfg = Debug|Any CPU
		{05DE4FDD-B9E5-4661-8229-61C8817F0758}.Debug|Any CPU.Build.0 = Debug|Any CPU
		{05DE4FDD-B9E5-4661-8229-61C8817F0758}.Release|Any CPU.ActiveCfg = Release|Any CPU
		{05DE4FDD-B9E5-4661-8229-61C8817F0758}.Release|Any CPU.Build.0 = Release|Any CPU
		{478F19C1-BF7A-48B5-BF56-F6B8C8D2DE62}.Debug|Any CPU.ActiveCfg = Debug|Any CPU
		{478F19C1-BF7A-48B5-BF56-F6B8C8D2DE62}.Debug|Any CPU.Build.0 = Debug|Any CPU
		{478F19C1-BF7A-48B5-BF56-F6B8C8D2DE62}.Release|Any CPU.ActiveCfg = Release|Any CPU
		{478F19C1-BF7A-48B5-BF56-F6B8C8D2DE62}.Release|Any CPU.Build.0 = Release|Any CPU
		{E60B8029-F344-4B72-ABCF-7E5B6E04275C}.Debug|Any CPU.ActiveCfg = Debug|Any CPU
		{E60B8029-F344-4B72-ABCF-7E5B6E04275C}.Debug|Any CPU.Build.0 = Debug|Any CPU
		{E60B8029-F344-4B72-ABCF-7E5B6E04275C}.Release|Any CPU.ActiveCfg = Release|Any CPU
		{E60B8029-F344-4B72-ABCF-7E5B6E04275C}.Release|Any CPU.Build.0 = Release|Any CPU
		{7C71A03F-0333-498D-AB3D-A4D62F92D072}.Debug|Any CPU.ActiveCfg = Debug|Any CPU
		{7C71A03F-0333-498D-AB3D-A4D62F92D072}.Debug|Any CPU.Build.0 = Debug|Any CPU
		{7C71A03F-0333-498D-AB3D-A4D62F92D072}.Release|Any CPU.ActiveCfg = Release|Any CPU
		{7C71A03F-0333-498D-AB3D-A4D62F92D072}.Release|Any CPU.Build.0 = Release|Any CPU
		{D66AFAA4-EED3-4A85-8F5A-B27372FA67A4}.Debug|Any CPU.ActiveCfg = Debug|Any CPU
		{D66AFAA4-EED3-4A85-8F5A-B27372FA67A4}.Debug|Any CPU.Build.0 = Debug|Any CPU
		{D66AFAA4-EED3-4A85-8F5A-B27372FA67A4}.Release|Any CPU.ActiveCfg = Release|Any CPU
		{D66AFAA4-EED3-4A85-8F5A-B27372FA67A4}.Release|Any CPU.Build.0 = Release|Any CPU
	EndGlobalSection
EndGlobal
